# This file is automatically @generated by Cargo.
# It is not intended for manual editing.
version = 3

[[package]]
name = "cw-bank"
version = "0.0.0"

[[package]]
name = "cw-daemon"
version = "0.0.0"

[[package]]
name = "cw-distribution"
version = "0.0.0"

[[package]]
name = "cw-gov"
version = "0.0.0"

[[package]]
name = "cw-sdk"
version = "0.0.0"

[[package]]
name = "cw-server"
version = "0.0.0"

[[package]]
name = "cw-slashing"
version = "0.0.0"

[[package]]
name = "cw-staking"
version = "0.0.0"

[[package]]
name = "cw-store"
version = "0.0.0"

[[package]]
name = "cw-types"
version = "0.0.0"
